// !$*UTF8*$!
{
	archiveVersion = 1;
	classes = {
	};
	objectVersion = 48;
	objects = {

/* Begin PBXBuildFile section */
		848CC49E2894E5139746E4E3 /* Pods_DrinkAndGoApp.framework in Frameworks */ = {isa = PBXBuildFile; fileRef = BC4346865DA5CA60DA3644EC /* Pods_DrinkAndGoApp.framework */; };
		92678CC951DB9026B3B074D0 /* Pods_DrinkAndGoAppUITests.framework in Frameworks */ = {isa = PBXBuildFile; fileRef = 5FF2A3D28104FAD312FDFE72 /* Pods_DrinkAndGoAppUITests.framework */; };
		995F20DDD41358E0AAECE399 /* Pods_DrinkAndGoAppTests.framework in Frameworks */ = {isa = PBXBuildFile; fileRef = B6263D0DA6330A3A791A38D9 /* Pods_DrinkAndGoAppTests.framework */; };
		FF0B5565202D52D6002D11F6 /* ConstraintsExtension.swift in Sources */ = {isa = PBXBuildFile; fileRef = FF0B5564202D52D6002D11F6 /* ConstraintsExtension.swift */; };
		FF328DAD200FAF2F00ED39D6 /* ResultVC.swift in Sources */ = {isa = PBXBuildFile; fileRef = FF328DAC200FAF2F00ED39D6 /* ResultVC.swift */; };
		FF328DAF200FAF3D00ED39D6 /* ResultVM.swift in Sources */ = {isa = PBXBuildFile; fileRef = FF328DAE200FAF3D00ED39D6 /* ResultVM.swift */; };
		FF328DB52010B35A00ED39D6 /* UIImageExtension.swift in Sources */ = {isa = PBXBuildFile; fileRef = FF328DB42010B35900ED39D6 /* UIImageExtension.swift */; };
		FF328DB72010B89400ED39D6 /* UIViewExtension.swift in Sources */ = {isa = PBXBuildFile; fileRef = FF328DB62010B89400ED39D6 /* UIViewExtension.swift */; };
		FF6243C1201133D200A9B2EF /* AlcoholChildVC.swift in Sources */ = {isa = PBXBuildFile; fileRef = FF6243C0201133D200A9B2EF /* AlcoholChildVC.swift */; };
		FF6243C3201133E000A9B2EF /* AlcoholChildVM.swift in Sources */ = {isa = PBXBuildFile; fileRef = FF6243C2201133E000A9B2EF /* AlcoholChildVM.swift */; };
		FF6243C52011341100A9B2EF /* AlcoholChildCell.swift in Sources */ = {isa = PBXBuildFile; fileRef = FF6243C42011341100A9B2EF /* AlcoholChildCell.swift */; };
		FF8299592000D1B50032E0E5 /* AlcoholDetailsVC.swift in Sources */ = {isa = PBXBuildFile; fileRef = FF8299582000D1B40032E0E5 /* AlcoholDetailsVC.swift */; };
		FF82995B2000D3D20032E0E5 /* AlcoholDetailsVM.swift in Sources */ = {isa = PBXBuildFile; fileRef = FF82995A2000D3D20032E0E5 /* AlcoholDetailsVM.swift */; };
		FFA301A01FFC94F300D8C96B /* AlcoholCell.swift in Sources */ = {isa = PBXBuildFile; fileRef = FFA3019F1FFC94F300D8C96B /* AlcoholCell.swift */; };
		FFA301A31FFCC43400D8C96B /* DataExtension.swift in Sources */ = {isa = PBXBuildFile; fileRef = FFA301A21FFCC43300D8C96B /* DataExtension.swift */; };
		FFA301A51FFCC60F00D8C96B /* AlcoholCellVM.swift in Sources */ = {isa = PBXBuildFile; fileRef = FFA301A41FFCC60F00D8C96B /* AlcoholCellVM.swift */; };
		FFA9E63D200C007200756002 /* KeyboardView.swift in Sources */ = {isa = PBXBuildFile; fileRef = FFA9E63C200C007200756002 /* KeyboardView.swift */; };
		FFDF06392015E0BB004E2D25 /* Timer.swift in Sources */ = {isa = PBXBuildFile; fileRef = FFDF06382015E0BA004E2D25 /* Timer.swift */; };
		FFDF063B2016963A004E2D25 /* HeightVC.swift in Sources */ = {isa = PBXBuildFile; fileRef = FFDF063A2016963A004E2D25 /* HeightVC.swift */; };
		FFDF063D2016964B004E2D25 /* HeightVM.swift in Sources */ = {isa = PBXBuildFile; fileRef = FFDF063C2016964B004E2D25 /* HeightVM.swift */; };
		FFDF06412017B320004E2D25 /* DoneButton.swift in Sources */ = {isa = PBXBuildFile; fileRef = FFDF06402017B320004E2D25 /* DoneButton.swift */; };
		FFDF06462017E2B1004E2D25 /* UserNotificationManager.swift in Sources */ = {isa = PBXBuildFile; fileRef = FFDF06452017E2B1004E2D25 /* UserNotificationManager.swift */; };
		FFDF06482018AE7B004E2D25 /* CircularVM.swift in Sources */ = {isa = PBXBuildFile; fileRef = FFDF06472018AE7B004E2D25 /* CircularVM.swift */; };
		FFDF064B2018DB3E004E2D25 /* AlcTextField.swift in Sources */ = {isa = PBXBuildFile; fileRef = FFDF06492018DB3D004E2D25 /* AlcTextField.swift */; };
		FFDF064C2018DB3E004E2D25 /* TitleLabel.swift in Sources */ = {isa = PBXBuildFile; fileRef = FFDF064A2018DB3D004E2D25 /* TitleLabel.swift */; };
		FFDF064E2018E7AA004E2D25 /* ScreenSize.swift in Sources */ = {isa = PBXBuildFile; fileRef = FFDF064D2018E7AA004E2D25 /* ScreenSize.swift */; };
		FFE591301FF1A3D60027D029 /* AppDelegate.swift in Sources */ = {isa = PBXBuildFile; fileRef = FFE5912F1FF1A3D60027D029 /* AppDelegate.swift */; };
		FFE591351FF1A3D60027D029 /* Main.storyboard in Resources */ = {isa = PBXBuildFile; fileRef = FFE591331FF1A3D60027D029 /* Main.storyboard */; };
		FFE591371FF1A3D60027D029 /* Assets.xcassets in Resources */ = {isa = PBXBuildFile; fileRef = FFE591361FF1A3D60027D029 /* Assets.xcassets */; };
		FFE5913A1FF1A3D60027D029 /* LaunchScreen.storyboard in Resources */ = {isa = PBXBuildFile; fileRef = FFE591381FF1A3D60027D029 /* LaunchScreen.storyboard */; };
		FFE591451FF1A3D60027D029 /* DrinkAndGoAppTests.swift in Sources */ = {isa = PBXBuildFile; fileRef = FFE591441FF1A3D60027D029 /* DrinkAndGoAppTests.swift */; };
		FFE591501FF1A3D60027D029 /* DrinkAndGoAppUITests.swift in Sources */ = {isa = PBXBuildFile; fileRef = FFE5914F1FF1A3D60027D029 /* DrinkAndGoAppUITests.swift */; };
		FFE591631FF726710027D029 /* RoundedSwitch.swift in Sources */ = {isa = PBXBuildFile; fileRef = FFE591621FF726710027D029 /* RoundedSwitch.swift */; };
		FFE591651FF736750027D029 /* GenderVC.swift in Sources */ = {isa = PBXBuildFile; fileRef = FFE591641FF736750027D029 /* GenderVC.swift */; };
		FFE591671FF736850027D029 /* DidYouEatVC.swift in Sources */ = {isa = PBXBuildFile; fileRef = FFE591661FF736850027D029 /* DidYouEatVC.swift */; };
		FFE591691FF736940027D029 /* WeightVC.swift in Sources */ = {isa = PBXBuildFile; fileRef = FFE591681FF736940027D029 /* WeightVC.swift */; };
		FFE5916B1FF736B10027D029 /* Interview.swift in Sources */ = {isa = PBXBuildFile; fileRef = FFE5916A1FF736B10027D029 /* Interview.swift */; };
		FFE5916D1FF737AD0027D029 /* GenderVM.swift in Sources */ = {isa = PBXBuildFile; fileRef = FFE5916C1FF737AD0027D029 /* GenderVM.swift */; };
		FFE5916F1FF73DF60027D029 /* DidYouEatVM.swift in Sources */ = {isa = PBXBuildFile; fileRef = FFE5916E1FF73DF60027D029 /* DidYouEatVM.swift */; };
		FFE591761FF86D210027D029 /* WeightVM.swift in Sources */ = {isa = PBXBuildFile; fileRef = FFE591751FF86D210027D029 /* WeightVM.swift */; };
		FFE591781FFAFFAE0027D029 /* AlcoholVC.swift in Sources */ = {isa = PBXBuildFile; fileRef = FFE591771FFAFFAE0027D029 /* AlcoholVC.swift */; };
		FFE5917A1FFB000C0027D029 /* AlcoholVM.swift in Sources */ = {isa = PBXBuildFile; fileRef = FFE591791FFB000C0027D029 /* AlcoholVM.swift */; };
/* End PBXBuildFile section */

/* Begin PBXContainerItemProxy section */
		FFE591411FF1A3D60027D029 /* PBXContainerItemProxy */ = {
			isa = PBXContainerItemProxy;
			containerPortal = FFE591241FF1A3D50027D029 /* Project object */;
			proxyType = 1;
			remoteGlobalIDString = FFE5912B1FF1A3D60027D029;
			remoteInfo = DrinkAndGoApp;
		};
		FFE5914C1FF1A3D60027D029 /* PBXContainerItemProxy */ = {
			isa = PBXContainerItemProxy;
			containerPortal = FFE591241FF1A3D50027D029 /* Project object */;
			proxyType = 1;
			remoteGlobalIDString = FFE5912B1FF1A3D60027D029;
			remoteInfo = DrinkAndGoApp;
		};
/* End PBXContainerItemProxy section */

/* Begin PBXFileReference section */
		183289C52D2A6E807208CB14 /* Pods-DrinkAndGoAppTests.release.xcconfig */ = {isa = PBXFileReference; includeInIndex = 1; lastKnownFileType = text.xcconfig; name = "Pods-DrinkAndGoAppTests.release.xcconfig"; path = "Pods/Target Support Files/Pods-DrinkAndGoAppTests/Pods-DrinkAndGoAppTests.release.xcconfig"; sourceTree = "<group>"; };
		5FF2A3D28104FAD312FDFE72 /* Pods_DrinkAndGoAppUITests.framework */ = {isa = PBXFileReference; explicitFileType = wrapper.framework; includeInIndex = 0; path = Pods_DrinkAndGoAppUITests.framework; sourceTree = BUILT_PRODUCTS_DIR; };
		7DA3E854397221DDBB12ADC8 /* Pods-DrinkAndGoAppUITests.release.xcconfig */ = {isa = PBXFileReference; includeInIndex = 1; lastKnownFileType = text.xcconfig; name = "Pods-DrinkAndGoAppUITests.release.xcconfig"; path = "Pods/Target Support Files/Pods-DrinkAndGoAppUITests/Pods-DrinkAndGoAppUITests.release.xcconfig"; sourceTree = "<group>"; };
		A9E2A051D8E76B773348904B /* Pods-DrinkAndGoAppUITests.debug.xcconfig */ = {isa = PBXFileReference; includeInIndex = 1; lastKnownFileType = text.xcconfig; name = "Pods-DrinkAndGoAppUITests.debug.xcconfig"; path = "Pods/Target Support Files/Pods-DrinkAndGoAppUITests/Pods-DrinkAndGoAppUITests.debug.xcconfig"; sourceTree = "<group>"; };
		B6263D0DA6330A3A791A38D9 /* Pods_DrinkAndGoAppTests.framework */ = {isa = PBXFileReference; explicitFileType = wrapper.framework; includeInIndex = 0; path = Pods_DrinkAndGoAppTests.framework; sourceTree = BUILT_PRODUCTS_DIR; };
		BC4346865DA5CA60DA3644EC /* Pods_DrinkAndGoApp.framework */ = {isa = PBXFileReference; explicitFileType = wrapper.framework; includeInIndex = 0; path = Pods_DrinkAndGoApp.framework; sourceTree = BUILT_PRODUCTS_DIR; };
		E60B7ACEC88A3765C79C09E1 /* Pods-DrinkAndGoAppTests.debug.xcconfig */ = {isa = PBXFileReference; includeInIndex = 1; lastKnownFileType = text.xcconfig; name = "Pods-DrinkAndGoAppTests.debug.xcconfig"; path = "Pods/Target Support Files/Pods-DrinkAndGoAppTests/Pods-DrinkAndGoAppTests.debug.xcconfig"; sourceTree = "<group>"; };
		E687ADB65947338F8BCDDD27 /* Pods-DrinkAndGoApp.debug.xcconfig */ = {isa = PBXFileReference; includeInIndex = 1; lastKnownFileType = text.xcconfig; name = "Pods-DrinkAndGoApp.debug.xcconfig"; path = "Pods/Target Support Files/Pods-DrinkAndGoApp/Pods-DrinkAndGoApp.debug.xcconfig"; sourceTree = "<group>"; };
		EF85350714D9F553392E645E /* Pods-DrinkAndGoApp.release.xcconfig */ = {isa = PBXFileReference; includeInIndex = 1; lastKnownFileType = text.xcconfig; name = "Pods-DrinkAndGoApp.release.xcconfig"; path = "Pods/Target Support Files/Pods-DrinkAndGoApp/Pods-DrinkAndGoApp.release.xcconfig"; sourceTree = "<group>"; };
		FF0B5564202D52D6002D11F6 /* ConstraintsExtension.swift */ = {isa = PBXFileReference; lastKnownFileType = sourcecode.swift; path = ConstraintsExtension.swift; sourceTree = "<group>"; };
		FF328DAC200FAF2F00ED39D6 /* ResultVC.swift */ = {isa = PBXFileReference; lastKnownFileType = sourcecode.swift; path = ResultVC.swift; sourceTree = "<group>"; };
		FF328DAE200FAF3D00ED39D6 /* ResultVM.swift */ = {isa = PBXFileReference; lastKnownFileType = sourcecode.swift; path = ResultVM.swift; sourceTree = "<group>"; };
		FF328DB42010B35900ED39D6 /* UIImageExtension.swift */ = {isa = PBXFileReference; lastKnownFileType = sourcecode.swift; path = UIImageExtension.swift; sourceTree = "<group>"; };
		FF328DB62010B89400ED39D6 /* UIViewExtension.swift */ = {isa = PBXFileReference; lastKnownFileType = sourcecode.swift; path = UIViewExtension.swift; sourceTree = "<group>"; };
		FF6243C0201133D200A9B2EF /* AlcoholChildVC.swift */ = {isa = PBXFileReference; lastKnownFileType = sourcecode.swift; path = AlcoholChildVC.swift; sourceTree = "<group>"; };
		FF6243C2201133E000A9B2EF /* AlcoholChildVM.swift */ = {isa = PBXFileReference; lastKnownFileType = sourcecode.swift; path = AlcoholChildVM.swift; sourceTree = "<group>"; };
		FF6243C42011341100A9B2EF /* AlcoholChildCell.swift */ = {isa = PBXFileReference; lastKnownFileType = sourcecode.swift; path = AlcoholChildCell.swift; sourceTree = "<group>"; };
		FF8299582000D1B40032E0E5 /* AlcoholDetailsVC.swift */ = {isa = PBXFileReference; lastKnownFileType = sourcecode.swift; path = AlcoholDetailsVC.swift; sourceTree = "<group>"; };
		FF82995A2000D3D20032E0E5 /* AlcoholDetailsVM.swift */ = {isa = PBXFileReference; lastKnownFileType = sourcecode.swift; path = AlcoholDetailsVM.swift; sourceTree = "<group>"; };
		FFA3019F1FFC94F300D8C96B /* AlcoholCell.swift */ = {isa = PBXFileReference; lastKnownFileType = sourcecode.swift; path = AlcoholCell.swift; sourceTree = "<group>"; };
		FFA301A21FFCC43300D8C96B /* DataExtension.swift */ = {isa = PBXFileReference; lastKnownFileType = sourcecode.swift; path = DataExtension.swift; sourceTree = "<group>"; };
		FFA301A41FFCC60F00D8C96B /* AlcoholCellVM.swift */ = {isa = PBXFileReference; lastKnownFileType = sourcecode.swift; path = AlcoholCellVM.swift; sourceTree = "<group>"; };
		FFA9E63C200C007200756002 /* KeyboardView.swift */ = {isa = PBXFileReference; lastKnownFileType = sourcecode.swift; path = KeyboardView.swift; sourceTree = "<group>"; };
		FFDF06382015E0BA004E2D25 /* Timer.swift */ = {isa = PBXFileReference; lastKnownFileType = sourcecode.swift; path = Timer.swift; sourceTree = "<group>"; };
		FFDF063A2016963A004E2D25 /* HeightVC.swift */ = {isa = PBXFileReference; lastKnownFileType = sourcecode.swift; path = HeightVC.swift; sourceTree = "<group>"; };
		FFDF063C2016964B004E2D25 /* HeightVM.swift */ = {isa = PBXFileReference; lastKnownFileType = sourcecode.swift; path = HeightVM.swift; sourceTree = "<group>"; };
		FFDF06402017B320004E2D25 /* DoneButton.swift */ = {isa = PBXFileReference; lastKnownFileType = sourcecode.swift; path = DoneButton.swift; sourceTree = "<group>"; };
		FFDF06452017E2B1004E2D25 /* UserNotificationManager.swift */ = {isa = PBXFileReference; lastKnownFileType = sourcecode.swift; path = UserNotificationManager.swift; sourceTree = "<group>"; };
		FFDF06472018AE7B004E2D25 /* CircularVM.swift */ = {isa = PBXFileReference; lastKnownFileType = sourcecode.swift; path = CircularVM.swift; sourceTree = "<group>"; };
		FFDF06492018DB3D004E2D25 /* AlcTextField.swift */ = {isa = PBXFileReference; fileEncoding = 4; lastKnownFileType = sourcecode.swift; path = AlcTextField.swift; sourceTree = "<group>"; };
		FFDF064A2018DB3D004E2D25 /* TitleLabel.swift */ = {isa = PBXFileReference; fileEncoding = 4; lastKnownFileType = sourcecode.swift; path = TitleLabel.swift; sourceTree = "<group>"; };
		FFDF064D2018E7AA004E2D25 /* ScreenSize.swift */ = {isa = PBXFileReference; lastKnownFileType = sourcecode.swift; path = ScreenSize.swift; sourceTree = "<group>"; };
		FFE5912C1FF1A3D60027D029 /* DrinkAndGoApp.app */ = {isa = PBXFileReference; explicitFileType = wrapper.application; includeInIndex = 0; path = DrinkAndGoApp.app; sourceTree = BUILT_PRODUCTS_DIR; };
		FFE5912F1FF1A3D60027D029 /* AppDelegate.swift */ = {isa = PBXFileReference; lastKnownFileType = sourcecode.swift; path = AppDelegate.swift; sourceTree = "<group>"; };
		FFE591341FF1A3D60027D029 /* Base */ = {isa = PBXFileReference; lastKnownFileType = file.storyboard; name = Base; path = Base.lproj/Main.storyboard; sourceTree = "<group>"; };
		FFE591361FF1A3D60027D029 /* Assets.xcassets */ = {isa = PBXFileReference; lastKnownFileType = folder.assetcatalog; path = Assets.xcassets; sourceTree = "<group>"; };
		FFE591391FF1A3D60027D029 /* Base */ = {isa = PBXFileReference; lastKnownFileType = file.storyboard; name = Base; path = Base.lproj/LaunchScreen.storyboard; sourceTree = "<group>"; };
		FFE5913B1FF1A3D60027D029 /* Info.plist */ = {isa = PBXFileReference; lastKnownFileType = text.plist.xml; path = Info.plist; sourceTree = "<group>"; };
		FFE591401FF1A3D60027D029 /* DrinkAndGoAppTests.xctest */ = {isa = PBXFileReference; explicitFileType = wrapper.cfbundle; includeInIndex = 0; path = DrinkAndGoAppTests.xctest; sourceTree = BUILT_PRODUCTS_DIR; };
		FFE591441FF1A3D60027D029 /* DrinkAndGoAppTests.swift */ = {isa = PBXFileReference; lastKnownFileType = sourcecode.swift; path = DrinkAndGoAppTests.swift; sourceTree = "<group>"; };
		FFE591461FF1A3D60027D029 /* Info.plist */ = {isa = PBXFileReference; lastKnownFileType = text.plist.xml; path = Info.plist; sourceTree = "<group>"; };
		FFE5914B1FF1A3D60027D029 /* DrinkAndGoAppUITests.xctest */ = {isa = PBXFileReference; explicitFileType = wrapper.cfbundle; includeInIndex = 0; path = DrinkAndGoAppUITests.xctest; sourceTree = BUILT_PRODUCTS_DIR; };
		FFE5914F1FF1A3D60027D029 /* DrinkAndGoAppUITests.swift */ = {isa = PBXFileReference; lastKnownFileType = sourcecode.swift; path = DrinkAndGoAppUITests.swift; sourceTree = "<group>"; };
		FFE591511FF1A3D60027D029 /* Info.plist */ = {isa = PBXFileReference; lastKnownFileType = text.plist.xml; path = Info.plist; sourceTree = "<group>"; };
		FFE591621FF726710027D029 /* RoundedSwitch.swift */ = {isa = PBXFileReference; lastKnownFileType = sourcecode.swift; path = RoundedSwitch.swift; sourceTree = "<group>"; };
		FFE591641FF736750027D029 /* GenderVC.swift */ = {isa = PBXFileReference; lastKnownFileType = sourcecode.swift; path = GenderVC.swift; sourceTree = "<group>"; };
		FFE591661FF736850027D029 /* DidYouEatVC.swift */ = {isa = PBXFileReference; lastKnownFileType = sourcecode.swift; path = DidYouEatVC.swift; sourceTree = "<group>"; };
		FFE591681FF736940027D029 /* WeightVC.swift */ = {isa = PBXFileReference; lastKnownFileType = sourcecode.swift; path = WeightVC.swift; sourceTree = "<group>"; };
		FFE5916A1FF736B10027D029 /* Interview.swift */ = {isa = PBXFileReference; lastKnownFileType = sourcecode.swift; path = Interview.swift; sourceTree = "<group>"; };
		FFE5916C1FF737AD0027D029 /* GenderVM.swift */ = {isa = PBXFileReference; lastKnownFileType = sourcecode.swift; path = GenderVM.swift; sourceTree = "<group>"; };
		FFE5916E1FF73DF60027D029 /* DidYouEatVM.swift */ = {isa = PBXFileReference; lastKnownFileType = sourcecode.swift; path = DidYouEatVM.swift; sourceTree = "<group>"; };
		FFE591751FF86D210027D029 /* WeightVM.swift */ = {isa = PBXFileReference; fileEncoding = 4; lastKnownFileType = sourcecode.swift; path = WeightVM.swift; sourceTree = "<group>"; };
		FFE591771FFAFFAE0027D029 /* AlcoholVC.swift */ = {isa = PBXFileReference; lastKnownFileType = sourcecode.swift; path = AlcoholVC.swift; sourceTree = "<group>"; };
		FFE591791FFB000C0027D029 /* AlcoholVM.swift */ = {isa = PBXFileReference; lastKnownFileType = sourcecode.swift; path = AlcoholVM.swift; sourceTree = "<group>"; };
/* End PBXFileReference section */

/* Begin PBXFrameworksBuildPhase section */
		FFE591291FF1A3D60027D029 /* Frameworks */ = {
			isa = PBXFrameworksBuildPhase;
			buildActionMask = 2147483647;
			files = (
				848CC49E2894E5139746E4E3 /* Pods_DrinkAndGoApp.framework in Frameworks */,
			);
			runOnlyForDeploymentPostprocessing = 0;
		};
		FFE5913D1FF1A3D60027D029 /* Frameworks */ = {
			isa = PBXFrameworksBuildPhase;
			buildActionMask = 2147483647;
			files = (
				995F20DDD41358E0AAECE399 /* Pods_DrinkAndGoAppTests.framework in Frameworks */,
			);
			runOnlyForDeploymentPostprocessing = 0;
		};
		FFE591481FF1A3D60027D029 /* Frameworks */ = {
			isa = PBXFrameworksBuildPhase;
			buildActionMask = 2147483647;
			files = (
				92678CC951DB9026B3B074D0 /* Pods_DrinkAndGoAppUITests.framework in Frameworks */,
			);
			runOnlyForDeploymentPostprocessing = 0;
		};
/* End PBXFrameworksBuildPhase section */

/* Begin PBXGroup section */
		8E699DAD4E54EBA209982642 /* Pods */ = {
			isa = PBXGroup;
			children = (
				E687ADB65947338F8BCDDD27 /* Pods-DrinkAndGoApp.debug.xcconfig */,
				EF85350714D9F553392E645E /* Pods-DrinkAndGoApp.release.xcconfig */,
				E60B7ACEC88A3765C79C09E1 /* Pods-DrinkAndGoAppTests.debug.xcconfig */,
				183289C52D2A6E807208CB14 /* Pods-DrinkAndGoAppTests.release.xcconfig */,
				A9E2A051D8E76B773348904B /* Pods-DrinkAndGoAppUITests.debug.xcconfig */,
				7DA3E854397221DDBB12ADC8 /* Pods-DrinkAndGoAppUITests.release.xcconfig */,
			);
			name = Pods;
			sourceTree = "<group>";
		};
		E5A423ABC8E7C74A4169B948 /* Frameworks */ = {
			isa = PBXGroup;
			children = (
				BC4346865DA5CA60DA3644EC /* Pods_DrinkAndGoApp.framework */,
				B6263D0DA6330A3A791A38D9 /* Pods_DrinkAndGoAppTests.framework */,
				5FF2A3D28104FAD312FDFE72 /* Pods_DrinkAndGoAppUITests.framework */,
			);
			name = Frameworks;
			sourceTree = "<group>";
		};
		FFA301A11FFCC42100D8C96B /* Extesions */ = {
			isa = PBXGroup;
			children = (
				FFA301A21FFCC43300D8C96B /* DataExtension.swift */,
				FF328DB42010B35900ED39D6 /* UIImageExtension.swift */,
				FF328DB62010B89400ED39D6 /* UIViewExtension.swift */,
				FFDF064D2018E7AA004E2D25 /* ScreenSize.swift */,
				FF0B5564202D52D6002D11F6 /* ConstraintsExtension.swift */,
			);
			path = Extesions;
			sourceTree = "<group>";
		};
		FFA301A61FFCC75B00D8C96B /* Model */ = {
			isa = PBXGroup;
			children = (
				FFE5916A1FF736B10027D029 /* Interview.swift */,
			);
			path = Model;
			sourceTree = "<group>";
		};
		FFE591231FF1A3D50027D029 = {
			isa = PBXGroup;
			children = (
				FFE5912E1FF1A3D60027D029 /* DrinkAndGoApp */,
				FFE591431FF1A3D60027D029 /* DrinkAndGoAppTests */,
				FFE5914E1FF1A3D60027D029 /* DrinkAndGoAppUITests */,
				FFE5912D1FF1A3D60027D029 /* Products */,
				8E699DAD4E54EBA209982642 /* Pods */,
				E5A423ABC8E7C74A4169B948 /* Frameworks */,
			);
			sourceTree = "<group>";
		};
		FFE5912D1FF1A3D60027D029 /* Products */ = {
			isa = PBXGroup;
			children = (
				FFE5912C1FF1A3D60027D029 /* DrinkAndGoApp.app */,
				FFE591401FF1A3D60027D029 /* DrinkAndGoAppTests.xctest */,
				FFE5914B1FF1A3D60027D029 /* DrinkAndGoAppUITests.xctest */,
			);
			name = Products;
			sourceTree = "<group>";
		};
		FFE5912E1FF1A3D60027D029 /* DrinkAndGoApp */ = {
			isa = PBXGroup;
			children = (
				FFE5912F1FF1A3D60027D029 /* AppDelegate.swift */,
				FFE591641FF736750027D029 /* GenderVC.swift */,
				FFE5916C1FF737AD0027D029 /* GenderVM.swift */,
				FFE591661FF736850027D029 /* DidYouEatVC.swift */,
				FFE5916E1FF73DF60027D029 /* DidYouEatVM.swift */,
				FFE591681FF736940027D029 /* WeightVC.swift */,
				FFE591751FF86D210027D029 /* WeightVM.swift */,
				FFDF063A2016963A004E2D25 /* HeightVC.swift */,
				FFDF063C2016964B004E2D25 /* HeightVM.swift */,
				FFE591771FFAFFAE0027D029 /* AlcoholVC.swift */,
				FFE591791FFB000C0027D029 /* AlcoholVM.swift */,
				FFA3019F1FFC94F300D8C96B /* AlcoholCell.swift */,
				FFA301A41FFCC60F00D8C96B /* AlcoholCellVM.swift */,
				FF6243C0201133D200A9B2EF /* AlcoholChildVC.swift */,
				FF6243C2201133E000A9B2EF /* AlcoholChildVM.swift */,
				FF6243C42011341100A9B2EF /* AlcoholChildCell.swift */,
				FF8299582000D1B40032E0E5 /* AlcoholDetailsVC.swift */,
				FF82995A2000D3D20032E0E5 /* AlcoholDetailsVM.swift */,
				FF328DAC200FAF2F00ED39D6 /* ResultVC.swift */,
				FF328DAE200FAF3D00ED39D6 /* ResultVM.swift */,
				FFDF06382015E0BA004E2D25 /* Timer.swift */,
				FFDF06472018AE7B004E2D25 /* CircularVM.swift */,
				FFDF06452017E2B1004E2D25 /* UserNotificationManager.swift */,
				FFA301A61FFCC75B00D8C96B /* Model */,
				FFA301A11FFCC42100D8C96B /* Extesions */,
				FFE591721FF85D640027D029 /* Custom Views */,
				FFE591331FF1A3D60027D029 /* Main.storyboard */,
				FFE591361FF1A3D60027D029 /* Assets.xcassets */,
				FFE591381FF1A3D60027D029 /* LaunchScreen.storyboard */,
				FFE5913B1FF1A3D60027D029 /* Info.plist */,
			);
			path = DrinkAndGoApp;
			sourceTree = "<group>";
		};
		FFE591431FF1A3D60027D029 /* DrinkAndGoAppTests */ = {
			isa = PBXGroup;
			children = (
				FFE591441FF1A3D60027D029 /* DrinkAndGoAppTests.swift */,
				FFE591461FF1A3D60027D029 /* Info.plist */,
			);
			path = DrinkAndGoAppTests;
			sourceTree = "<group>";
		};
		FFE5914E1FF1A3D60027D029 /* DrinkAndGoAppUITests */ = {
			isa = PBXGroup;
			children = (
				FFE5914F1FF1A3D60027D029 /* DrinkAndGoAppUITests.swift */,
				FFE591511FF1A3D60027D029 /* Info.plist */,
			);
			path = DrinkAndGoAppUITests;
			sourceTree = "<group>";
		};
		FFE591721FF85D640027D029 /* Custom Views */ = {
			isa = PBXGroup;
			children = (
				FFDF06492018DB3D004E2D25 /* AlcTextField.swift */,
				FFDF064A2018DB3D004E2D25 /* TitleLabel.swift */,
				FFE591621FF726710027D029 /* RoundedSwitch.swift */,
				FFA9E63C200C007200756002 /* KeyboardView.swift */,
				FFDF06402017B320004E2D25 /* DoneButton.swift */,
			);
			path = "Custom Views";
			sourceTree = "<group>";
		};
/* End PBXGroup section */

/* Begin PBXNativeTarget section */
		FFE5912B1FF1A3D60027D029 /* DrinkAndGoApp */ = {
			isa = PBXNativeTarget;
			buildConfigurationList = FFE591541FF1A3D60027D029 /* Build configuration list for PBXNativeTarget "DrinkAndGoApp" */;
			buildPhases = (
				67001A4DA6CF38A3058FB57C /* [CP] Check Pods Manifest.lock */,
				FFE591281FF1A3D60027D029 /* Sources */,
				FFE591291FF1A3D60027D029 /* Frameworks */,
				FFE5912A1FF1A3D60027D029 /* Resources */,
				738D7B66ACC70B2E59E4CD60 /* [CP] Embed Pods Frameworks */,
				146BFAEAE9D56D979017273F /* [CP] Copy Pods Resources */,
			);
			buildRules = (
			);
			dependencies = (
			);
			name = DrinkAndGoApp;
			productName = DrinkAndGoApp;
			productReference = FFE5912C1FF1A3D60027D029 /* DrinkAndGoApp.app */;
			productType = "com.apple.product-type.application";
		};
		FFE5913F1FF1A3D60027D029 /* DrinkAndGoAppTests */ = {
			isa = PBXNativeTarget;
			buildConfigurationList = FFE591571FF1A3D60027D029 /* Build configuration list for PBXNativeTarget "DrinkAndGoAppTests" */;
			buildPhases = (
				CA35AEEB6DD0902763AB8338 /* [CP] Check Pods Manifest.lock */,
				FFE5913C1FF1A3D60027D029 /* Sources */,
				FFE5913D1FF1A3D60027D029 /* Frameworks */,
				FFE5913E1FF1A3D60027D029 /* Resources */,
				14224A2AF815D55C96D4F0D8 /* [CP] Embed Pods Frameworks */,
				CE02BCD7C66D369E33F86AF2 /* [CP] Copy Pods Resources */,
			);
			buildRules = (
			);
			dependencies = (
				FFE591421FF1A3D60027D029 /* PBXTargetDependency */,
			);
			name = DrinkAndGoAppTests;
			productName = DrinkAndGoAppTests;
			productReference = FFE591401FF1A3D60027D029 /* DrinkAndGoAppTests.xctest */;
			productType = "com.apple.product-type.bundle.unit-test";
		};
		FFE5914A1FF1A3D60027D029 /* DrinkAndGoAppUITests */ = {
			isa = PBXNativeTarget;
			buildConfigurationList = FFE5915A1FF1A3D60027D029 /* Build configuration list for PBXNativeTarget "DrinkAndGoAppUITests" */;
			buildPhases = (
				71D60E71A620F2023A4DD130 /* [CP] Check Pods Manifest.lock */,
				FFE591471FF1A3D60027D029 /* Sources */,
				FFE591481FF1A3D60027D029 /* Frameworks */,
				FFE591491FF1A3D60027D029 /* Resources */,
				41AF531852AB68DEB87A01EC /* [CP] Embed Pods Frameworks */,
				E7220E45222F662B2ACCD467 /* [CP] Copy Pods Resources */,
			);
			buildRules = (
			);
			dependencies = (
				FFE5914D1FF1A3D60027D029 /* PBXTargetDependency */,
			);
			name = DrinkAndGoAppUITests;
			productName = DrinkAndGoAppUITests;
			productReference = FFE5914B1FF1A3D60027D029 /* DrinkAndGoAppUITests.xctest */;
			productType = "com.apple.product-type.bundle.ui-testing";
		};
/* End PBXNativeTarget section */

/* Begin PBXProject section */
		FFE591241FF1A3D50027D029 /* Project object */ = {
			isa = PBXProject;
			attributes = {
				LastSwiftUpdateCheck = 0920;
				LastUpgradeCheck = 0920;
				ORGANIZATIONNAME = VasiliyEgorov;
				TargetAttributes = {
					FFE5912B1FF1A3D60027D029 = {
						CreatedOnToolsVersion = 9.2;
						ProvisioningStyle = Automatic;
						SystemCapabilities = {
							com.apple.Push = {
								enabled = 0;
							};
						};
					};
					FFE5913F1FF1A3D60027D029 = {
						CreatedOnToolsVersion = 9.2;
						ProvisioningStyle = Automatic;
						TestTargetID = FFE5912B1FF1A3D60027D029;
					};
					FFE5914A1FF1A3D60027D029 = {
						CreatedOnToolsVersion = 9.2;
						ProvisioningStyle = Automatic;
						TestTargetID = FFE5912B1FF1A3D60027D029;
					};
				};
			};
			buildConfigurationList = FFE591271FF1A3D50027D029 /* Build configuration list for PBXProject "DrinkAndGoApp" */;
			compatibilityVersion = "Xcode 8.0";
			developmentRegion = en;
			hasScannedForEncodings = 0;
			knownRegions = (
				en,
				Base,
			);
			mainGroup = FFE591231FF1A3D50027D029;
			productRefGroup = FFE5912D1FF1A3D60027D029 /* Products */;
			projectDirPath = "";
			projectRoot = "";
			targets = (
				FFE5912B1FF1A3D60027D029 /* DrinkAndGoApp */,
				FFE5913F1FF1A3D60027D029 /* DrinkAndGoAppTests */,
				FFE5914A1FF1A3D60027D029 /* DrinkAndGoAppUITests */,
			);
		};
/* End PBXProject section */

/* Begin PBXResourcesBuildPhase section */
		FFE5912A1FF1A3D60027D029 /* Resources */ = {
			isa = PBXResourcesBuildPhase;
			buildActionMask = 2147483647;
			files = (
				FFE5913A1FF1A3D60027D029 /* LaunchScreen.storyboard in Resources */,
				FFE591371FF1A3D60027D029 /* Assets.xcassets in Resources */,
				FFE591351FF1A3D60027D029 /* Main.storyboard in Resources */,
			);
			runOnlyForDeploymentPostprocessing = 0;
		};
		FFE5913E1FF1A3D60027D029 /* Resources */ = {
			isa = PBXResourcesBuildPhase;
			buildActionMask = 2147483647;
			files = (
			);
			runOnlyForDeploymentPostprocessing = 0;
		};
		FFE591491FF1A3D60027D029 /* Resources */ = {
			isa = PBXResourcesBuildPhase;
			buildActionMask = 2147483647;
			files = (
			);
			runOnlyForDeploymentPostprocessing = 0;
		};
/* End PBXResourcesBuildPhase section */

/* Begin PBXShellScriptBuildPhase section */
		14224A2AF815D55C96D4F0D8 /* [CP] Embed Pods Frameworks */ = {
			isa = PBXShellScriptBuildPhase;
			buildActionMask = 2147483647;
			files = (
			);
			inputPaths = (
			);
			name = "[CP] Embed Pods Frameworks";
			outputPaths = (
			);
			runOnlyForDeploymentPostprocessing = 0;
			shellPath = /bin/sh;
			shellScript = "\"${SRCROOT}/Pods/Target Support Files/Pods-DrinkAndGoAppTests/Pods-DrinkAndGoAppTests-frameworks.sh\"\n";
			showEnvVarsInLog = 0;
		};
		146BFAEAE9D56D979017273F /* [CP] Copy Pods Resources */ = {
			isa = PBXShellScriptBuildPhase;
			buildActionMask = 2147483647;
			files = (
			);
			inputPaths = (
			);
			name = "[CP] Copy Pods Resources";
			outputPaths = (
			);
			runOnlyForDeploymentPostprocessing = 0;
			shellPath = /bin/sh;
			shellScript = "\"${SRCROOT}/Pods/Target Support Files/Pods-DrinkAndGoApp/Pods-DrinkAndGoApp-resources.sh\"\n";
			showEnvVarsInLog = 0;
		};
		41AF531852AB68DEB87A01EC /* [CP] Embed Pods Frameworks */ = {
			isa = PBXShellScriptBuildPhase;
			buildActionMask = 2147483647;
			files = (
			);
			inputPaths = (
			);
			name = "[CP] Embed Pods Frameworks";
			outputPaths = (
			);
			runOnlyForDeploymentPostprocessing = 0;
			shellPath = /bin/sh;
			shellScript = "\"${SRCROOT}/Pods/Target Support Files/Pods-DrinkAndGoAppUITests/Pods-DrinkAndGoAppUITests-frameworks.sh\"\n";
			showEnvVarsInLog = 0;
		};
		67001A4DA6CF38A3058FB57C /* [CP] Check Pods Manifest.lock */ = {
			isa = PBXShellScriptBuildPhase;
			buildActionMask = 2147483647;
			files = (
			);
			inputPaths = (
				"${PODS_PODFILE_DIR_PATH}/Podfile.lock",
				"${PODS_ROOT}/Manifest.lock",
			);
			name = "[CP] Check Pods Manifest.lock";
			outputPaths = (
				"$(DERIVED_FILE_DIR)/Pods-DrinkAndGoApp-checkManifestLockResult.txt",
			);
			runOnlyForDeploymentPostprocessing = 0;
			shellPath = /bin/sh;
			shellScript = "diff \"${PODS_PODFILE_DIR_PATH}/Podfile.lock\" \"${PODS_ROOT}/Manifest.lock\" > /dev/null\nif [ $? != 0 ] ; then\n    # print error to STDERR\n    echo \"error: The sandbox is not in sync with the Podfile.lock. Run 'pod install' or update your CocoaPods installation.\" >&2\n    exit 1\nfi\n# This output is used by Xcode 'outputs' to avoid re-running this script phase.\necho \"SUCCESS\" > \"${SCRIPT_OUTPUT_FILE_0}\"\n";
			showEnvVarsInLog = 0;
		};
		71D60E71A620F2023A4DD130 /* [CP] Check Pods Manifest.lock */ = {
			isa = PBXShellScriptBuildPhase;
			buildActionMask = 2147483647;
			files = (
			);
			inputPaths = (
				"${PODS_PODFILE_DIR_PATH}/Podfile.lock",
				"${PODS_ROOT}/Manifest.lock",
			);
			name = "[CP] Check Pods Manifest.lock";
			outputPaths = (
				"$(DERIVED_FILE_DIR)/Pods-DrinkAndGoAppUITests-checkManifestLockResult.txt",
			);
			runOnlyForDeploymentPostprocessing = 0;
			shellPath = /bin/sh;
			shellScript = "diff \"${PODS_PODFILE_DIR_PATH}/Podfile.lock\" \"${PODS_ROOT}/Manifest.lock\" > /dev/null\nif [ $? != 0 ] ; then\n    # print error to STDERR\n    echo \"error: The sandbox is not in sync with the Podfile.lock. Run 'pod install' or update your CocoaPods installation.\" >&2\n    exit 1\nfi\n# This output is used by Xcode 'outputs' to avoid re-running this script phase.\necho \"SUCCESS\" > \"${SCRIPT_OUTPUT_FILE_0}\"\n";
			showEnvVarsInLog = 0;
		};
		738D7B66ACC70B2E59E4CD60 /* [CP] Embed Pods Frameworks */ = {
			isa = PBXShellScriptBuildPhase;
			buildActionMask = 2147483647;
			files = (
			);
			inputPaths = (
				"${SRCROOT}/Pods/Target Support Files/Pods-DrinkAndGoApp/Pods-DrinkAndGoApp-frameworks.sh",
				"${BUILT_PRODUCTS_DIR}/GravitySliderFlowLayout/GravitySliderFlowLayout.framework",
				"${BUILT_PRODUCTS_DIR}/UICircularProgressRing/UICircularProgressRing.framework",
			);
			name = "[CP] Embed Pods Frameworks";
			outputPaths = (
				"${TARGET_BUILD_DIR}/${FRAMEWORKS_FOLDER_PATH}/GravitySliderFlowLayout.framework",
				"${TARGET_BUILD_DIR}/${FRAMEWORKS_FOLDER_PATH}/UICircularProgressRing.framework",
			);
			runOnlyForDeploymentPostprocessing = 0;
			shellPath = /bin/sh;
			shellScript = "\"${SRCROOT}/Pods/Target Support Files/Pods-DrinkAndGoApp/Pods-DrinkAndGoApp-frameworks.sh\"\n";
			showEnvVarsInLog = 0;
		};
		CA35AEEB6DD0902763AB8338 /* [CP] Check Pods Manifest.lock */ = {
			isa = PBXShellScriptBuildPhase;
			buildActionMask = 2147483647;
			files = (
			);
			inputPaths = (
				"${PODS_PODFILE_DIR_PATH}/Podfile.lock",
				"${PODS_ROOT}/Manifest.lock",
			);
			name = "[CP] Check Pods Manifest.lock";
			outputPaths = (
				"$(DERIVED_FILE_DIR)/Pods-DrinkAndGoAppTests-checkManifestLockResult.txt",
			);
			runOnlyForDeploymentPostprocessing = 0;
			shellPath = /bin/sh;
			shellScript = "diff \"${PODS_PODFILE_DIR_PATH}/Podfile.lock\" \"${PODS_ROOT}/Manifest.lock\" > /dev/null\nif [ $? != 0 ] ; then\n    # print error to STDERR\n    echo \"error: The sandbox is not in sync with the Podfile.lock. Run 'pod install' or update your CocoaPods installation.\" >&2\n    exit 1\nfi\n# This output is used by Xcode 'outputs' to avoid re-running this script phase.\necho \"SUCCESS\" > \"${SCRIPT_OUTPUT_FILE_0}\"\n";
			showEnvVarsInLog = 0;
		};
		CE02BCD7C66D369E33F86AF2 /* [CP] Copy Pods Resources */ = {
			isa = PBXShellScriptBuildPhase;
			buildActionMask = 2147483647;
			files = (
			);
			inputPaths = (
			);
			name = "[CP] Copy Pods Resources";
			outputPaths = (
			);
			runOnlyForDeploymentPostprocessing = 0;
			shellPath = /bin/sh;
			shellScript = "\"${SRCROOT}/Pods/Target Support Files/Pods-DrinkAndGoAppTests/Pods-DrinkAndGoAppTests-resources.sh\"\n";
			showEnvVarsInLog = 0;
		};
		E7220E45222F662B2ACCD467 /* [CP] Copy Pods Resources */ = {
			isa = PBXShellScriptBuildPhase;
			buildActionMask = 2147483647;
			files = (
			);
			inputPaths = (
			);
			name = "[CP] Copy Pods Resources";
			outputPaths = (
			);
			runOnlyForDeploymentPostprocessing = 0;
			shellPath = /bin/sh;
			shellScript = "\"${SRCROOT}/Pods/Target Support Files/Pods-DrinkAndGoAppUITests/Pods-DrinkAndGoAppUITests-resources.sh\"\n";
			showEnvVarsInLog = 0;
		};
/* End PBXShellScriptBuildPhase section */

/* Begin PBXSourcesBuildPhase section */
		FFE591281FF1A3D60027D029 /* Sources */ = {
			isa = PBXSourcesBuildPhase;
			buildActionMask = 2147483647;
			files = (
				FFE591631FF726710027D029 /* RoundedSwitch.swift in Sources */,
				FFE591691FF736940027D029 /* WeightVC.swift in Sources */,
				FF0B5565202D52D6002D11F6 /* ConstraintsExtension.swift in Sources */,
				FF82995B2000D3D20032E0E5 /* AlcoholDetailsVM.swift in Sources */,
				FFDF06482018AE7B004E2D25 /* CircularVM.swift in Sources */,
				FFA301A51FFCC60F00D8C96B /* AlcoholCellVM.swift in Sources */,
				FFA301A01FFC94F300D8C96B /* AlcoholCell.swift in Sources */,
				FFDF064E2018E7AA004E2D25 /* ScreenSize.swift in Sources */,
				FFDF06412017B320004E2D25 /* DoneButton.swift in Sources */,
				FF328DAD200FAF2F00ED39D6 /* ResultVC.swift in Sources */,
				FF8299592000D1B50032E0E5 /* AlcoholDetailsVC.swift in Sources */,
				FFE591671FF736850027D029 /* DidYouEatVC.swift in Sources */,
				FFDF06462017E2B1004E2D25 /* UserNotificationManager.swift in Sources */,
				FFA9E63D200C007200756002 /* KeyboardView.swift in Sources */,
				FFDF064B2018DB3E004E2D25 /* AlcTextField.swift in Sources */,
				FFDF064C2018DB3E004E2D25 /* TitleLabel.swift in Sources */,
				FF328DAF200FAF3D00ED39D6 /* ResultVM.swift in Sources */,
				FFE591301FF1A3D60027D029 /* AppDelegate.swift in Sources */,
				FFE591651FF736750027D029 /* GenderVC.swift in Sources */,
				FFDF063B2016963A004E2D25 /* HeightVC.swift in Sources */,
				FF6243C3201133E000A9B2EF /* AlcoholChildVM.swift in Sources */,
				FFE591761FF86D210027D029 /* WeightVM.swift in Sources */,
				FFE5917A1FFB000C0027D029 /* AlcoholVM.swift in Sources */,
				FF6243C52011341100A9B2EF /* AlcoholChildCell.swift in Sources */,
				FFE591781FFAFFAE0027D029 /* AlcoholVC.swift in Sources */,
				FFDF063D2016964B004E2D25 /* HeightVM.swift in Sources */,
				FFE5916D1FF737AD0027D029 /* GenderVM.swift in Sources */,
				FF6243C1201133D200A9B2EF /* AlcoholChildVC.swift in Sources */,
				FF328DB72010B89400ED39D6 /* UIViewExtension.swift in Sources */,
				FFDF06392015E0BB004E2D25 /* Timer.swift in Sources */,
				FFA301A31FFCC43400D8C96B /* DataExtension.swift in Sources */,
				FFE5916B1FF736B10027D029 /* Interview.swift in Sources */,
				FFE5916F1FF73DF60027D029 /* DidYouEatVM.swift in Sources */,
				FF328DB52010B35A00ED39D6 /* UIImageExtension.swift in Sources */,
			);
			runOnlyForDeploymentPostprocessing = 0;
		};
		FFE5913C1FF1A3D60027D029 /* Sources */ = {
			isa = PBXSourcesBuildPhase;
			buildActionMask = 2147483647;
			files = (
				FFE591451FF1A3D60027D029 /* DrinkAndGoAppTests.swift in Sources */,
			);
			runOnlyForDeploymentPostprocessing = 0;
		};
		FFE591471FF1A3D60027D029 /* Sources */ = {
			isa = PBXSourcesBuildPhase;
			buildActionMask = 2147483647;
			files = (
				FFE591501FF1A3D60027D029 /* DrinkAndGoAppUITests.swift in Sources */,
			);
			runOnlyForDeploymentPostprocessing = 0;
		};
/* End PBXSourcesBuildPhase section */

/* Begin PBXTargetDependency section */
		FFE591421FF1A3D60027D029 /* PBXTargetDependency */ = {
			isa = PBXTargetDependency;
			target = FFE5912B1FF1A3D60027D029 /* DrinkAndGoApp */;
			targetProxy = FFE591411FF1A3D60027D029 /* PBXContainerItemProxy */;
		};
		FFE5914D1FF1A3D60027D029 /* PBXTargetDependency */ = {
			isa = PBXTargetDependency;
			target = FFE5912B1FF1A3D60027D029 /* DrinkAndGoApp */;
			targetProxy = FFE5914C1FF1A3D60027D029 /* PBXContainerItemProxy */;
		};
/* End PBXTargetDependency section */

/* Begin PBXVariantGroup section */
		FFE591331FF1A3D60027D029 /* Main.storyboard */ = {
			isa = PBXVariantGroup;
			children = (
				FFE591341FF1A3D60027D029 /* Base */,
			);
			name = Main.storyboard;
			sourceTree = "<group>";
		};
		FFE591381FF1A3D60027D029 /* LaunchScreen.storyboard */ = {
			isa = PBXVariantGroup;
			children = (
				FFE591391FF1A3D60027D029 /* Base */,
			);
			name = LaunchScreen.storyboard;
			sourceTree = "<group>";
		};
/* End PBXVariantGroup section */

/* Begin XCBuildConfiguration section */
		FFE591521FF1A3D60027D029 /* Debug */ = {
			isa = XCBuildConfiguration;
			buildSettings = {
				ALWAYS_SEARCH_USER_PATHS = NO;
				CLANG_ANALYZER_NONNULL = YES;
				CLANG_ANALYZER_NUMBER_OBJECT_CONVERSION = YES_AGGRESSIVE;
				CLANG_CXX_LANGUAGE_STANDARD = "gnu++14";
				CLANG_CXX_LIBRARY = "libc++";
				CLANG_ENABLE_MODULES = YES;
				CLANG_ENABLE_OBJC_ARC = YES;
				CLANG_WARN_BLOCK_CAPTURE_AUTORELEASING = YES;
				CLANG_WARN_BOOL_CONVERSION = YES;
				CLANG_WARN_COMMA = YES;
				CLANG_WARN_CONSTANT_CONVERSION = YES;
				CLANG_WARN_DIRECT_OBJC_ISA_USAGE = YES_ERROR;
				CLANG_WARN_DOCUMENTATION_COMMENTS = YES;
				CLANG_WARN_EMPTY_BODY = YES;
				CLANG_WARN_ENUM_CONVERSION = YES;
				CLANG_WARN_INFINITE_RECURSION = YES;
				CLANG_WARN_INT_CONVERSION = YES;
				CLANG_WARN_NON_LITERAL_NULL_CONVERSION = YES;
				CLANG_WARN_OBJC_LITERAL_CONVERSION = YES;
				CLANG_WARN_OBJC_ROOT_CLASS = YES_ERROR;
				CLANG_WARN_RANGE_LOOP_ANALYSIS = YES;
				CLANG_WARN_STRICT_PROTOTYPES = YES;
				CLANG_WARN_SUSPICIOUS_MOVE = YES;
				CLANG_WARN_UNGUARDED_AVAILABILITY = YES_AGGRESSIVE;
				CLANG_WARN_UNREACHABLE_CODE = YES;
				CLANG_WARN__DUPLICATE_METHOD_MATCH = YES;
				CODE_SIGN_IDENTITY = "iPhone Developer";
				COPY_PHASE_STRIP = NO;
				DEBUG_INFORMATION_FORMAT = dwarf;
				ENABLE_STRICT_OBJC_MSGSEND = YES;
				ENABLE_TESTABILITY = YES;
				GCC_C_LANGUAGE_STANDARD = gnu11;
				GCC_DYNAMIC_NO_PIC = NO;
				GCC_NO_COMMON_BLOCKS = YES;
				GCC_OPTIMIZATION_LEVEL = 0;
				GCC_PREPROCESSOR_DEFINITIONS = (
					"DEBUG=1",
					"$(inherited)",
				);
				GCC_WARN_64_TO_32_BIT_CONVERSION = YES;
				GCC_WARN_ABOUT_RETURN_TYPE = YES_ERROR;
				GCC_WARN_UNDECLARED_SELECTOR = YES;
				GCC_WARN_UNINITIALIZED_AUTOS = YES_AGGRESSIVE;
				GCC_WARN_UNUSED_FUNCTION = YES;
				GCC_WARN_UNUSED_VARIABLE = YES;
				IPHONEOS_DEPLOYMENT_TARGET = 11.2;
				MTL_ENABLE_DEBUG_INFO = YES;
				ONLY_ACTIVE_ARCH = YES;
				SDKROOT = iphoneos;
				SWIFT_ACTIVE_COMPILATION_CONDITIONS = DEBUG;
				SWIFT_OPTIMIZATION_LEVEL = "-Onone";
			};
			name = Debug;
		};
		FFE591531FF1A3D60027D029 /* Release */ = {
			isa = XCBuildConfiguration;
			buildSettings = {
				ALWAYS_SEARCH_USER_PATHS = NO;
				CLANG_ANALYZER_NONNULL = YES;
				CLANG_ANALYZER_NUMBER_OBJECT_CONVERSION = YES_AGGRESSIVE;
				CLANG_CXX_LANGUAGE_STANDARD = "gnu++14";
				CLANG_CXX_LIBRARY = "libc++";
				CLANG_ENABLE_MODULES = YES;
				CLANG_ENABLE_OBJC_ARC = YES;
				CLANG_WARN_BLOCK_CAPTURE_AUTORELEASING = YES;
				CLANG_WARN_BOOL_CONVERSION = YES;
				CLANG_WARN_COMMA = YES;
				CLANG_WARN_CONSTANT_CONVERSION = YES;
				CLANG_WARN_DIRECT_OBJC_ISA_USAGE = YES_ERROR;
				CLANG_WARN_DOCUMENTATION_COMMENTS = YES;
				CLANG_WARN_EMPTY_BODY = YES;
				CLANG_WARN_ENUM_CONVERSION = YES;
				CLANG_WARN_INFINITE_RECURSION = YES;
				CLANG_WARN_INT_CONVERSION = YES;
				CLANG_WARN_NON_LITERAL_NULL_CONVERSION = YES;
				CLANG_WARN_OBJC_LITERAL_CONVERSION = YES;
				CLANG_WARN_OBJC_ROOT_CLASS = YES_ERROR;
				CLANG_WARN_RANGE_LOOP_ANALYSIS = YES;
				CLANG_WARN_STRICT_PROTOTYPES = YES;
				CLANG_WARN_SUSPICIOUS_MOVE = YES;
				CLANG_WARN_UNGUARDED_AVAILABILITY = YES_AGGRESSIVE;
				CLANG_WARN_UNREACHABLE_CODE = YES;
				CLANG_WARN__DUPLICATE_METHOD_MATCH = YES;
				CODE_SIGN_IDENTITY = "iPhone Developer";
				COPY_PHASE_STRIP = NO;
				DEBUG_INFORMATION_FORMAT = "dwarf-with-dsym";
				ENABLE_NS_ASSERTIONS = NO;
				ENABLE_STRICT_OBJC_MSGSEND = YES;
				GCC_C_LANGUAGE_STANDARD = gnu11;
				GCC_NO_COMMON_BLOCKS = YES;
				GCC_WARN_64_TO_32_BIT_CONVERSION = YES;
				GCC_WARN_ABOUT_RETURN_TYPE = YES_ERROR;
				GCC_WARN_UNDECLARED_SELECTOR = YES;
				GCC_WARN_UNINITIALIZED_AUTOS = YES_AGGRESSIVE;
				GCC_WARN_UNUSED_FUNCTION = YES;
				GCC_WARN_UNUSED_VARIABLE = YES;
				IPHONEOS_DEPLOYMENT_TARGET = 11.2;
				MTL_ENABLE_DEBUG_INFO = NO;
				SDKROOT = iphoneos;
				SWIFT_OPTIMIZATION_LEVEL = "-Owholemodule";
				VALIDATE_PRODUCT = YES;
			};
			name = Release;
		};
		FFE591551FF1A3D60027D029 /* Debug */ = {
			isa = XCBuildConfiguration;
			baseConfigurationReference = E687ADB65947338F8BCDDD27 /* Pods-DrinkAndGoApp.debug.xcconfig */;
			buildSettings = {
				ASSETCATALOG_COMPILER_APPICON_NAME = AppIcon;
				CODE_SIGN_STYLE = Automatic;
				DEVELOPMENT_TEAM = 6R5CTCNFL9;
				INFOPLIST_FILE = DrinkAndGoApp/Info.plist;
				IPHONEOS_DEPLOYMENT_TARGET = 10.3;
				LD_RUNPATH_SEARCH_PATHS = "$(inherited) @executable_path/Frameworks";
				PRODUCT_BUNDLE_IDENTIFIER = com.vasiliyegorov.DrinkAndGoApp;
				PRODUCT_NAME = "$(TARGET_NAME)";
				SWIFT_VERSION = 4.0;
				TARGETED_DEVICE_FAMILY = "1,2";
			};
			name = Debug;
		};
		FFE591561FF1A3D60027D029 /* Release */ = {
			isa = XCBuildConfiguration;
			baseConfigurationReference = EF85350714D9F553392E645E /* Pods-DrinkAndGoApp.release.xcconfig */;
			buildSettings = {
				ASSETCATALOG_COMPILER_APPICON_NAME = AppIcon;
				CODE_SIGN_STYLE = Automatic;
				DEVELOPMENT_TEAM = 6R5CTCNFL9;
				INFOPLIST_FILE = DrinkAndGoApp/Info.plist;
				IPHONEOS_DEPLOYMENT_TARGET = 10.3;
				LD_RUNPATH_SEARCH_PATHS = "$(inherited) @executable_path/Frameworks";
				PRODUCT_BUNDLE_IDENTIFIER = com.vasiliyegorov.DrinkAndGoApp;
				PRODUCT_NAME = "$(TARGET_NAME)";
				SWIFT_VERSION = 4.0;
				TARGETED_DEVICE_FAMILY = "1,2";
			};
			name = Release;
		};
		FFE591581FF1A3D60027D029 /* Debug */ = {
			isa = XCBuildConfiguration;
			baseConfigurationReference = E60B7ACEC88A3765C79C09E1 /* Pods-DrinkAndGoAppTests.debug.xcconfig */;
			buildSettings = {
				ALWAYS_EMBED_SWIFT_STANDARD_LIBRARIES = YES;
				BUNDLE_LOADER = "$(TEST_HOST)";
				CODE_SIGN_STYLE = Automatic;
				DEVELOPMENT_TEAM = 6R5CTCNFL9;
				INFOPLIST_FILE = DrinkAndGoAppTests/Info.plist;
				LD_RUNPATH_SEARCH_PATHS = "$(inherited) @executable_path/Frameworks @loader_path/Frameworks";
				PRODUCT_BUNDLE_IDENTIFIER = com.vasiliyegorov.DrinkAndGoAppTests;
				PRODUCT_NAME = "$(TARGET_NAME)";
				SWIFT_VERSION = 4.0;
				TARGETED_DEVICE_FAMILY = "1,2";
				TEST_HOST = "$(BUILT_PRODUCTS_DIR)/DrinkAndGoApp.app/DrinkAndGoApp";
			};
			name = Debug;
		};
		FFE591591FF1A3D60027D029 /* Release */ = {
			isa = XCBuildConfiguration;
			baseConfigurationReference = 183289C52D2A6E807208CB14 /* Pods-DrinkAndGoAppTests.release.xcconfig */;
			buildSettings = {
				ALWAYS_EMBED_SWIFT_STANDARD_LIBRARIES = YES;
				BUNDLE_LOADER = "$(TEST_HOST)";
				CODE_SIGN_STYLE = Automatic;
				DEVELOPMENT_TEAM = 6R5CTCNFL9;
				INFOPLIST_FILE = DrinkAndGoAppTests/Info.plist;
				LD_RUNPATH_SEARCH_PATHS = "$(inherited) @executable_path/Frameworks @loader_path/Frameworks";
				PRODUCT_BUNDLE_IDENTIFIER = com.vasiliyegorov.DrinkAndGoAppTests;
				PRODUCT_NAME = "$(TARGET_NAME)";
				SWIFT_VERSION = 4.0;
				TARGETED_DEVICE_FAMILY = "1,2";
				TEST_HOST = "$(BUILT_PRODUCTS_DIR)/DrinkAndGoApp.app/DrinkAndGoApp";
			};
			name = Release;
		};
		FFE5915B1FF1A3D60027D029 /* Debug */ = {
			isa = XCBuildConfiguration;
			baseConfigurationReference = A9E2A051D8E76B773348904B /* Pods-DrinkAndGoAppUITests.debug.xcconfig */;
			buildSettings = {
				ALWAYS_EMBED_SWIFT_STANDARD_LIBRARIES = YES;
				CODE_SIGN_STYLE = Automatic;
				DEVELOPMENT_TEAM = 6R5CTCNFL9;
				INFOPLIST_FILE = DrinkAndGoAppUITests/Info.plist;
				LD_RUNPATH_SEARCH_PATHS = "$(inherited) @executable_path/Frameworks @loader_path/Frameworks";
				PRODUCT_BUNDLE_IDENTIFIER = com.vasiliyegorov.DrinkAndGoAppUITests;
				PRODUCT_NAME = "$(TARGET_NAME)";
				SWIFT_VERSION = 4.0;
				TARGETED_DEVICE_FAMILY = "1,2";
				TEST_TARGET_NAME = DrinkAndGoApp;
			};
			name = Debug;
		};
		FFE5915C1FF1A3D60027D029 /* Release */ = {
			isa = XCBuildConfiguration;
			baseConfigurationReference = 7DA3E854397221DDBB12ADC8 /* Pods-DrinkAndGoAppUITests.release.xcconfig */;
			buildSettings = {
				ALWAYS_EMBED_SWIFT_STANDARD_LIBRARIES = YES;
				CODE_SIGN_STYLE = Automatic;
				DEVELOPMENT_TEAM = 6R5CTCNFL9;
				INFOPLIST_FILE = DrinkAndGoAppUITests/Info.plist;
				LD_RUNPATH_SEARCH_PATHS = "$(inherited) @executable_path/Frameworks @loader_path/Frameworks";
				PRODUCT_BUNDLE_IDENTIFIER = com.vasiliyegorov.DrinkAndGoAppUITests;
				PRODUCT_NAME = "$(TARGET_NAME)";
				SWIFT_VERSION = 4.0;
				TARGETED_DEVICE_FAMILY = "1,2";
				TEST_TARGET_NAME = DrinkAndGoApp;
			};
			name = Release;
		};
/* End XCBuildConfiguration section */

/* Begin XCConfigurationList section */
		FFE591271FF1A3D50027D029 /* Build configuration list for PBXProject "DrinkAndGoApp" */ = {
			isa = XCConfigurationList;
			buildConfigurations = (
				FFE591521FF1A3D60027D029 /* Debug */,
				FFE591531FF1A3D60027D029 /* Release */,
			);
			defaultConfigurationIsVisible = 0;
			defaultConfigurationName = Release;
		};
		FFE591541FF1A3D60027D029 /* Build configuration list for PBXNativeTarget "DrinkAndGoApp" */ = {
			isa = XCConfigurationList;
			buildConfigurations = (
				FFE591551FF1A3D60027D029 /* Debug */,
				FFE591561FF1A3D60027D029 /* Release */,
			);
			defaultConfigurationIsVisible = 0;
			defaultConfigurationName = Release;
		};
		FFE591571FF1A3D60027D029 /* Build configuration list for PBXNativeTarget "DrinkAndGoAppTests" */ = {
			isa = XCConfigurationList;
			buildConfigurations = (
				FFE591581FF1A3D60027D029 /* Debug */,
				FFE591591FF1A3D60027D029 /* Release */,
			);
			defaultConfigurationIsVisible = 0;
			defaultConfigurationName = Release;
		};
		FFE5915A1FF1A3D60027D029 /* Build configuration list for PBXNativeTarget "DrinkAndGoAppUITests" */ = {
			isa = XCConfigurationList;
			buildConfigurations = (
				FFE5915B1FF1A3D60027D029 /* Debug */,
				FFE5915C1FF1A3D60027D029 /* Release */,
			);
			defaultConfigurationIsVisible = 0;
			defaultConfigurationName = Release;
		};
/* End XCConfigurationList section */
	};
	rootObject = FFE591241FF1A3D50027D029 /* Project object */;
}
